{
  "version": 4,
  "terraform_version": "1.5.7",
  "serial": 9,
  "lineage": "149f72e8-3bd1-31c3-8d81-ff1bee0d79e5",
  "outputs": {
    "nic_name": {
      "value": "ren00055A09Nic",
      "type": "string"
    },
    "public_ip": {
      "value": "51.57.61.119",
      "type": "string"
    },
    "resource_group_name": {
      "value": "ren00055-A09-RG",
      "type": "string"
    },
    "vm_name": {
      "value": "ren00055A09VM",
      "type": "string"
    }
  },
  "resources": [
    {
      "mode": "managed",
      "type": "azurerm_linux_virtual_machine",
      "name": "webserver",
      "provider": "provider[\"registry.terraform.io/hashicorp/azurerm\"]",
      "instances": [
        {
          "schema_version": 0,
          "attributes": {
            "additional_capabilities": [],
            "admin_password": null,
            "admin_ssh_key": [
              {
                "public_key": "ssh-rsa AAAAB3NzaC1yc2EAAAADAQABAAACAQDYDBnH4juUH5fKpOyXSUg7PdjuC9dmKIYU+5uBoKFX+whdQlOUJsmC6VmYYTF7EtUavODp22C4vjcmXM0m99qgIwkq7NSVbPvBGbavRVG5vJSiDXgIxzxO+DUXgOQTApu/fWzzjGqE9mDgefIxnshHHRsnug1k8zAPnKiAQP70Sejjk89MCnLlti4Adkp7ZsdqIRPXm7aUob4T7VCU1vSxHCQFtNNJnd3Hqp9pD94MxjmTqYxwhgo6SXQqzGVxaBRkm8i9WHxpu6nkFtIVpqMyi1Vp623K//tNtpq0Kb4varwkmVgpJzGfvTUtVvkKcTxGUmP8eotT4XAZx+TsXiPuKzf2tUwnXfFPnTj/NvwLnaCqe9kkK6f7tQgGRmox5CNcRclfytm4BqeaRxN8l4qkC72c/GB87OMJR/erMEpZZ2Bh0cN7KfihFtt1c/I99Oq02QDkR47bQSDYrJZx4GTsgeC92BVmpjij6eG7RuDBs098C0VEvMZKV0dwxvvyb3bY4ABX3I6r7V3P9idOhi+hP+Ycz8obiLD3mXaDh2Ijz9uq1xjHMI0KqKNKTj6D4fPON3rAGJKGqEi+r1Q3q8k2m9k03CYuuy7TJFApPWxccCKHoQd20tilSwSu06fuTfjSDX4l0AbU2ndETqA+OkuCAX1AorPZ3Yy7erlWQsw+Mw== renxihai@gmail.com\n",
                "username": "azureadmin"
              }
            ],
            "admin_username": "azureadmin",
            "allow_extension_operations": true,
            "availability_set_id": "",
            "boot_diagnostics": [],
            "computer_name": "ren00055A09VM",
            "custom_data": null,
            "dedicated_host_group_id": "",
            "dedicated_host_id": "",
            "disable_password_authentication": true,
            "edge_zone": "",
            "encryption_at_host_enabled": false,
            "eviction_policy": "",
            "extensions_time_budget": "PT1H30M",
            "id": "/subscriptions/cc6178d9-393a-40b4-8355-d26737d0be44/resourceGroups/ren00055-A09-RG/providers/Microsoft.Compute/virtualMachines/ren00055A09VM",
            "identity": [],
            "license_type": "",
            "location": "westus3",
            "max_bid_price": -1,
            "name": "ren00055A09VM",
            "network_interface_ids": [
              "/subscriptions/cc6178d9-393a-40b4-8355-d26737d0be44/resourceGroups/ren00055-A09-RG/providers/Microsoft.Network/networkInterfaces/ren00055A09Nic"
            ],
            "os_disk": [
              {
                "caching": "ReadWrite",
                "diff_disk_settings": [],
                "disk_encryption_set_id": "",
                "disk_size_gb": 30,
                "name": "ren00055A09OSDisk",
                "storage_account_type": "Standard_LRS",
                "write_accelerator_enabled": false
              }
            ],
            "patch_mode": "ImageDefault",
            "plan": [],
            "platform_fault_domain": -1,
            "priority": "Regular",
            "private_ip_address": "10.0.1.4",
            "private_ip_addresses": [
              "10.0.1.4"
            ],
            "provision_vm_agent": true,
            "proximity_placement_group_id": "",
            "public_ip_address": "51.57.61.119",
            "public_ip_addresses": [
              "51.57.61.119"
            ],
            "resource_group_name": "ren00055-A09-RG",
            "secret": [],
            "secure_boot_enabled": false,
            "size": "Standard_B1s",
            "source_image_id": "",
            "source_image_reference": [
              {
                "offer": "0001-com-ubuntu-server-jammy",
                "publisher": "Canonical",
                "sku": "22_04-lts-gen2",
                "version": "latest"
              }
            ],
            "tags": null,
            "termination_notification": null,
            "timeouts": null,
            "user_data": "",
            "virtual_machine_id": "45a90404-e334-424b-820f-2bcea1ab3988",
            "virtual_machine_scale_set_id": "",
            "vtpm_enabled": false,
            "zone": ""
          },
          "sensitive_attributes": [],
          "private": "eyJlMmJmYjczMC1lY2FhLTExZTYtOGY4OC0zNDM2M2JjN2M0YzAiOnsiY3JlYXRlIjoyNzAwMDAwMDAwMDAwLCJkZWxldGUiOjI3MDAwMDAwMDAwMDAsInJlYWQiOjMwMDAwMDAwMDAwMCwidXBkYXRlIjoyNzAwMDAwMDAwMDAwfX0=",
          "dependencies": [
            "azurerm_network_interface.webserver",
            "azurerm_public_ip.webserver",
            "azurerm_resource_group.rg",
            "azurerm_subnet.webserver",
            "azurerm_virtual_network.vnet"
          ]
        }
      ]
    },
    {
      "mode": "managed",
      "type": "azurerm_network_interface",
      "name": "webserver",
      "provider": "provider[\"registry.terraform.io/hashicorp/azurerm\"]",
      "instances": [
        {
          "schema_version": 0,
          "attributes": {
            "applied_dns_servers": [],
            "dns_servers": [],
            "edge_zone": "",
            "enable_accelerated_networking": false,
            "enable_ip_forwarding": false,
            "id": "/subscriptions/cc6178d9-393a-40b4-8355-d26737d0be44/resourceGroups/ren00055-A09-RG/providers/Microsoft.Network/networkInterfaces/ren00055A09Nic",
            "internal_dns_name_label": "",
            "internal_domain_name_suffix": "rqzudjrehbyu1lgenmmnce41gc.phxx.internal.cloudapp.net",
            "ip_configuration": [
              {
                "gateway_load_balancer_frontend_ip_configuration_id": "",
                "name": "ren00055A09NicConfig",
                "primary": true,
                "private_ip_address": "10.0.1.4",
                "private_ip_address_allocation": "Dynamic",
                "private_ip_address_version": "IPv4",
                "public_ip_address_id": "/subscriptions/cc6178d9-393a-40b4-8355-d26737d0be44/resourceGroups/ren00055-A09-RG/providers/Microsoft.Network/publicIPAddresses/ren00055A09PublicIP",
                "subnet_id": "/subscriptions/cc6178d9-393a-40b4-8355-d26737d0be44/resourceGroups/ren00055-A09-RG/providers/Microsoft.Network/virtualNetworks/ren00055A09Vnet/subnets/ren00055A09Subnet"
              }
            ],
            "location": "westus3",
            "mac_address": "",
            "name": "ren00055A09Nic",
            "private_ip_address": "10.0.1.4",
            "private_ip_addresses": [
              "10.0.1.4"
            ],
            "resource_group_name": "ren00055-A09-RG",
            "tags": null,
            "timeouts": null,
            "virtual_machine_id": ""
          },
          "sensitive_attributes": [],
          "private": "eyJlMmJmYjczMC1lY2FhLTExZTYtOGY4OC0zNDM2M2JjN2M0YzAiOnsiY3JlYXRlIjoxODAwMDAwMDAwMDAwLCJkZWxldGUiOjE4MDAwMDAwMDAwMDAsInJlYWQiOjMwMDAwMDAwMDAwMCwidXBkYXRlIjoxODAwMDAwMDAwMDAwfX0=",
          "dependencies": [
            "azurerm_public_ip.webserver",
            "azurerm_resource_group.rg",
            "azurerm_subnet.webserver",
            "azurerm_virtual_network.vnet"
          ]
        }
      ]
    },
    {
      "mode": "managed",
      "type": "azurerm_network_interface_security_group_association",
      "name": "webserver",
      "provider": "provider[\"registry.terraform.io/hashicorp/azurerm\"]",
      "instances": [
        {
          "schema_version": 0,
          "attributes": {
            "id": "/subscriptions/cc6178d9-393a-40b4-8355-d26737d0be44/resourceGroups/ren00055-A09-RG/providers/Microsoft.Network/networkInterfaces/ren00055A09Nic|/subscriptions/cc6178d9-393a-40b4-8355-d26737d0be44/resourceGroups/ren00055-A09-RG/providers/Microsoft.Network/networkSecurityGroups/ren00055A09SG",
            "network_interface_id": "/subscriptions/cc6178d9-393a-40b4-8355-d26737d0be44/resourceGroups/ren00055-A09-RG/providers/Microsoft.Network/networkInterfaces/ren00055A09Nic",
            "network_security_group_id": "/subscriptions/cc6178d9-393a-40b4-8355-d26737d0be44/resourceGroups/ren00055-A09-RG/providers/Microsoft.Network/networkSecurityGroups/ren00055A09SG",
            "timeouts": null
          },
          "sensitive_attributes": [],
          "private": "eyJlMmJmYjczMC1lY2FhLTExZTYtOGY4OC0zNDM2M2JjN2M0YzAiOnsiY3JlYXRlIjoxODAwMDAwMDAwMDAwLCJkZWxldGUiOjE4MDAwMDAwMDAwMDAsInJlYWQiOjMwMDAwMDAwMDAwMCwidXBkYXRlIjoxODAwMDAwMDAwMDAwfX0=",
          "dependencies": [
            "azurerm_network_interface.webserver",
            "azurerm_network_security_group.webserver",
            "azurerm_public_ip.webserver",
            "azurerm_resource_group.rg",
            "azurerm_subnet.webserver",
            "azurerm_virtual_network.vnet"
          ]
        }
      ]
    },
    {
      "mode": "managed",
      "type": "azurerm_network_security_group",
      "name": "webserver",
      "provider": "provider[\"registry.terraform.io/hashicorp/azurerm\"]",
      "instances": [
        {
          "schema_version": 0,
          "attributes": {
            "id": "/subscriptions/cc6178d9-393a-40b4-8355-d26737d0be44/resourceGroups/ren00055-A09-RG/providers/Microsoft.Network/networkSecurityGroups/ren00055A09SG",
            "location": "westus3",
            "name": "ren00055A09SG",
            "resource_group_name": "ren00055-A09-RG",
            "security_rule": [
              {
                "access": "Allow",
                "description": "",
                "destination_address_prefix": "*",
                "destination_address_prefixes": [],
                "destination_application_security_group_ids": [],
                "destination_port_range": "22",
                "destination_port_ranges": [],
                "direction": "Inbound",
                "name": "SSH",
                "priority": 1001,
                "protocol": "Tcp",
                "source_address_prefix": "*",
                "source_address_prefixes": [],
                "source_application_security_group_ids": [],
                "source_port_range": "*",
                "source_port_ranges": []
              },
              {
                "access": "Allow",
                "description": "",
                "destination_address_prefix": "*",
                "destination_address_prefixes": [],
                "destination_application_security_group_ids": [],
                "destination_port_range": "80",
                "destination_port_ranges": [],
                "direction": "Inbound",
                "name": "HTTP",
                "priority": 1002,
                "protocol": "Tcp",
                "source_address_prefix": "*",
                "source_address_prefixes": [],
                "source_application_security_group_ids": [],
                "source_port_range": "*",
                "source_port_ranges": []
              }
            ],
            "tags": null,
            "timeouts": null
          },
          "sensitive_attributes": [],
          "private": "eyJlMmJmYjczMC1lY2FhLTExZTYtOGY4OC0zNDM2M2JjN2M0YzAiOnsiY3JlYXRlIjoxODAwMDAwMDAwMDAwLCJkZWxldGUiOjE4MDAwMDAwMDAwMDAsInJlYWQiOjMwMDAwMDAwMDAwMCwidXBkYXRlIjoxODAwMDAwMDAwMDAwfX0=",
          "dependencies": [
            "azurerm_resource_group.rg"
          ]
        }
      ]
    },
    {
      "mode": "managed",
      "type": "azurerm_public_ip",
      "name": "webserver",
      "provider": "provider[\"registry.terraform.io/hashicorp/azurerm\"]",
      "instances": [
        {
          "schema_version": 0,
          "attributes": {
            "allocation_method": "Dynamic",
            "domain_name_label": null,
            "edge_zone": "",
            "fqdn": null,
            "id": "/subscriptions/cc6178d9-393a-40b4-8355-d26737d0be44/resourceGroups/ren00055-A09-RG/providers/Microsoft.Network/publicIPAddresses/ren00055A09PublicIP",
            "idle_timeout_in_minutes": 4,
            "ip_address": "",
            "ip_tags": null,
            "ip_version": "IPv4",
            "location": "westus3",
            "name": "ren00055A09PublicIP",
            "public_ip_prefix_id": null,
            "resource_group_name": "ren00055-A09-RG",
            "reverse_fqdn": null,
            "sku": "Basic",
            "sku_tier": "Regional",
            "tags": null,
            "timeouts": null,
            "zones": null
          },
          "sensitive_attributes": [],
          "private": "eyJlMmJmYjczMC1lY2FhLTExZTYtOGY4OC0zNDM2M2JjN2M0YzAiOnsiY3JlYXRlIjoxODAwMDAwMDAwMDAwLCJkZWxldGUiOjE4MDAwMDAwMDAwMDAsInJlYWQiOjMwMDAwMDAwMDAwMCwidXBkYXRlIjoxODAwMDAwMDAwMDAwfX0=",
          "dependencies": [
            "azurerm_resource_group.rg"
          ]
        }
      ]
    },
    {
      "mode": "managed",
      "type": "azurerm_resource_group",
      "name": "rg",
      "provider": "provider[\"registry.terraform.io/hashicorp/azurerm\"]",
      "instances": [
        {
          "schema_version": 0,
          "attributes": {
            "id": "/subscriptions/cc6178d9-393a-40b4-8355-d26737d0be44/resourceGroups/ren00055-A09-RG",
            "location": "westus3",
            "name": "ren00055-A09-RG",
            "tags": null,
            "timeouts": null
          },
          "sensitive_attributes": [],
          "private": "eyJlMmJmYjczMC1lY2FhLTExZTYtOGY4OC0zNDM2M2JjN2M0YzAiOnsiY3JlYXRlIjo1NDAwMDAwMDAwMDAwLCJkZWxldGUiOjU0MDAwMDAwMDAwMDAsInJlYWQiOjMwMDAwMDAwMDAwMCwidXBkYXRlIjo1NDAwMDAwMDAwMDAwfX0="
        }
      ]
    },
    {
      "mode": "managed",
      "type": "azurerm_subnet",
      "name": "webserver",
      "provider": "provider[\"registry.terraform.io/hashicorp/azurerm\"]",
      "instances": [
        {
          "schema_version": 0,
          "attributes": {
            "address_prefixes": [
              "10.0.1.0/24"
            ],
            "delegation": [],
            "enforce_private_link_endpoint_network_policies": false,
            "enforce_private_link_service_network_policies": false,
            "id": "/subscriptions/cc6178d9-393a-40b4-8355-d26737d0be44/resourceGroups/ren00055-A09-RG/providers/Microsoft.Network/virtualNetworks/ren00055A09Vnet/subnets/ren00055A09Subnet",
            "name": "ren00055A09Subnet",
            "resource_group_name": "ren00055-A09-RG",
            "service_endpoint_policy_ids": null,
            "service_endpoints": null,
            "timeouts": null,
            "virtual_network_name": "ren00055A09Vnet"
          },
          "sensitive_attributes": [],
          "private": "eyJlMmJmYjczMC1lY2FhLTExZTYtOGY4OC0zNDM2M2JjN2M0YzAiOnsiY3JlYXRlIjoxODAwMDAwMDAwMDAwLCJkZWxldGUiOjE4MDAwMDAwMDAwMDAsInJlYWQiOjMwMDAwMDAwMDAwMCwidXBkYXRlIjoxODAwMDAwMDAwMDAwfX0=",
          "dependencies": [
            "azurerm_resource_group.rg",
            "azurerm_virtual_network.vnet"
          ]
        }
      ]
    },
    {
      "mode": "managed",
      "type": "azurerm_virtual_network",
      "name": "vnet",
      "provider": "provider[\"registry.terraform.io/hashicorp/azurerm\"]",
      "instances": [
        {
          "schema_version": 0,
          "attributes": {
            "address_space": [
              "10.0.0.0/16"
            ],
            "bgp_community": "",
            "ddos_protection_plan": [],
            "dns_servers": [],
            "edge_zone": "",
            "flow_timeout_in_minutes": 0,
            "guid": "a641338c-3824-4d71-acc4-6b18d113db32",
            "id": "/subscriptions/cc6178d9-393a-40b4-8355-d26737d0be44/resourceGroups/ren00055-A09-RG/providers/Microsoft.Network/virtualNetworks/ren00055A09Vnet",
            "location": "westus3",
            "name": "ren00055A09Vnet",
            "resource_group_name": "ren00055-A09-RG",
            "subnet": [],
            "tags": null,
            "timeouts": null
          },
          "sensitive_attributes": [],
          "private": "eyJlMmJmYjczMC1lY2FhLTExZTYtOGY4OC0zNDM2M2JjN2M0YzAiOnsiY3JlYXRlIjoxODAwMDAwMDAwMDAwLCJkZWxldGUiOjE4MDAwMDAwMDAwMDAsInJlYWQiOjMwMDAwMDAwMDAwMCwidXBkYXRlIjoxODAwMDAwMDAwMDAwfX0=",
          "dependencies": [
            "azurerm_resource_group.rg"
          ]
        }
      ]
    }
  ],
  "check_results": null
}
